
Microsoft Visual Studio Solution File, Format Version 12.00
# Visual Studio Version 17
VisualStudioVersion = 17.5.001.0
MinimumVisualStudioVersion = 10.0.40219.1
Project("{9A19103F-16F7-4668-BE54-9A1E7A4F7556}") = "RpgApi", "RpgApi.csproj", "{38FD05DC-BDA8-4C3C-B602-A056585A9874}"
EndProject
Global
	GlobalSection(SolutionConfigurationPlatforms) = preSolution
		Debug|Any CPU = Debug|Any CPU
		Release|Any CPU = Release|Any CPU
	EndGlobalSection
	GlobalSection(ProjectConfigurationPlatforms) = postSolution
		{38FD05DC-BDA8-4C3C-B602-A056585A9874}.Debug|Any CPU.ActiveCfg = Debug|Any CPU
		{38FD05DC-BDA8-4C3C-B602-A056585A9874}.Debug|Any CPU.Build.0 = Debug|Any CPU
		{38FD05DC-BDA8-4C3C-B602-A056585A9874}.Release|Any CPU.ActiveCfg = Release|Any CPU
		{38FD05DC-BDA8-4C3C-B602-A056585A9874}.Release|Any CPU.Build.0 = Release|Any CPU
	EndGlobalSection
	GlobalSection(SolutionProperties) = preSolution
		HideSolutionNode = FALSE
	EndGlobalSection
	GlobalSection(ExtensibilityGlobals) = postSolution
		SolutionGuid = {B2B5E296-C830-40B9-B66F-237A37D9B7CC}
	EndGlobalSection
EndGlobal
